// !$*UTF8*$!
{
	archiveVersion = 1;
	classes = {
	};
	objectVersion = 46;
	objects = {

/* Begin PBXBuildFile section */
		32E661EC141D5C2900730D74 /* main.cpp in Sources */ = {isa = PBXBuildFile; fileRef = 32E661EB141D5C2900730D74 /* main.cpp */; };
		32FFEAED141D263A00CA0312 /* GLUT.framework in Frameworks */ = {isa = PBXBuildFile; fileRef = 32FFEAEC141D263A00CA0312 /* GLUT.framework */; };
		32FFEAEF141D264300CA0312 /* OpenGL.framework in Frameworks */ = {isa = PBXBuildFile; fileRef = 32FFEAEE141D264300CA0312 /* OpenGL.framework */; };
/* End PBXBuildFile section */

/* Begin PBXCopyFilesBuildPhase section */
		32FFEADE141D25FF00CA0312 /* CopyFiles */ = {
			isa = PBXCopyFilesBuildPhase;
			buildActionMask = 2147483647;
			dstPath = /usr/share/man/man1/;
			dstSubfolderSpec = 0;
			files = (
			);
			runOnlyForDeploymentPostprocessing = 1;
		};
/* End PBXCopyFilesBuildPhase section */

/* Begin PBXFileReference section */
		32E661EA141D5C2900730D74 /* challenge4.1 */ = {isa = PBXFileReference; fileEncoding = 4; lastKnownFileType = text.man; path = challenge4.1; sourceTree = "<group>"; };
		32E661EB141D5C2900730D74 /* main.cpp */ = {isa = PBXFileReference; fileEncoding = 4; lastKnownFileType = sourcecode.cpp.cpp; path = main.cpp; sourceTree = "<group>"; };
		32FFEAE0141D25FF00CA0312 /* challenge4 */ = {isa = PBXFileReference; explicitFileType = "compiled.mach-o.executable"; includeInIndex = 0; path = challenge4; sourceTree = BUILT_PRODUCTS_DIR; };
		32FFEAEC141D263A00CA0312 /* GLUT.framework */ = {isa = PBXFileReference; lastKnownFileType = wrapper.framework; name = GLUT.framework; path = System/Library/Frameworks/GLUT.framework; sourceTree = SDKROOT; };
		32FFEAEE141D264300CA0312 /* OpenGL.framework */ = {isa = PBXFileReference; lastKnownFileType = wrapper.framework; name = OpenGL.framework; path = System/Library/Frameworks/OpenGL.framework; sourceTree = SDKROOT; };
/* End PBXFileReference section */

/* Begin PBXFrameworksBuildPhase section */
		32FFEADD141D25FF00CA0312 /* Frameworks */ = {
			isa = PBXFrameworksBuildPhase;
			buildActionMask = 2147483647;
			files = (
				32FFEAEF141D264300CA0312 /* OpenGL.framework in Frameworks */,
				32FFEAED141D263A00CA0312 /* GLUT.framework in Frameworks */,
			);
			runOnlyForDeploymentPostprocessing = 0;
		};
/* End PBXFrameworksBuildPhase section */

/* Begin PBXGroup section */
		32E661E9141D5C2900730D74 /* Source */ = {
			isa = PBXGroup;
			children = (
				32E661EA141D5C2900730D74 /* challenge4.1 */,
				32E661EB141D5C2900730D74 /* main.cpp */,
			);
			name = Source;
			path = src;
			sourceTree = "<group>";
		};
		32FFEAD5141D25FF00CA0312 = {
			isa = PBXGroup;
			children = (
				32E661E9141D5C2900730D74 /* Source */,
				32FFEAEE141D264300CA0312 /* OpenGL.framework */,
				32FFEAEC141D263A00CA0312 /* GLUT.framework */,
				32FFEAE1141D25FF00CA0312 /* Products */,
			);
			sourceTree = "<group>";
		};
		32FFEAE1141D25FF00CA0312 /* Products */ = {
			isa = PBXGroup;
			children = (
				32FFEAE0141D25FF00CA0312 /* challenge4 */,
			);
			name = Products;
			sourceTree = "<group>";
		};
/* End PBXGroup section */

/* Begin PBXNativeTarget section */
		32FFEADF141D25FF00CA0312 /* challenge4 */ = {
			isa = PBXNativeTarget;
			buildConfigurationList = 32FFEAE9141D25FF00CA0312 /* Build configuration list for PBXNativeTarget "challenge4" */;
			buildPhases = (
				32FFEADC141D25FF00CA0312 /* Sources */,
				32FFEADD141D25FF00CA0312 /* Frameworks */,
				32FFEADE141D25FF00CA0312 /* CopyFiles */,
			);
			buildRules = (
			);
			dependencies = (
			);
			name = challenge4;
			productName = challenge4;
			productReference = 32FFEAE0141D25FF00CA0312 /* challenge4 */;
			productType = "com.apple.product-type.tool";
		};
/* End PBXNativeTarget section */

/* Begin PBXProject section */
		32FFEAD7141D25FF00CA0312 /* Project object */ = {
			isa = PBXProject;
			buildConfigurationList = 32FFEADA141D25FF00CA0312 /* Build configuration list for PBXProject "challenge4" */;
			compatibilityVersion = "Xcode 3.2";
			developmentRegion = English;
			hasScannedForEncodings = 0;
			knownRegions = (
				en,
			);
			mainGroup = 32FFEAD5141D25FF00CA0312;
			productRefGroup = 32FFEAE1141D25FF00CA0312 /* Products */;
			projectDirPath = "";
			projectRoot = "";
			targets = (
				32FFEADF141D25FF00CA0312 /* challenge4 */,
			);
		};
/* End PBXProject section */

/* Begin PBXSourcesBuildPhase section */
		32FFEADC141D25FF00CA0312 /* Sources */ = {
			isa = PBXSourcesBuildPhase;
			buildActionMask = 2147483647;
			files = (
				32E661EC141D5C2900730D74 /* main.cpp in Sources */,
			);
			runOnlyForDeploymentPostprocessing = 0;
		};
/* End PBXSourcesBuildPhase section */

/* Begin XCBuildConfiguration section */
		32FFEAE7141D25FF00CA0312 /* Debug */ = {
			isa = XCBuildConfiguration;
			buildSettings = {
				ARCHS = "$(ARCHS_STANDARD_32_64_BIT)";
				GCC_C_LANGUAGE_STANDARD = gnu99;
				GCC_OPTIMIZATION_LEVEL = 0;
				GCC_PREPROCESSOR_DEFINITIONS = DEBUG;
				GCC_SYMBOLS_PRIVATE_EXTERN = NO;
				GCC_VERSION = com.apple.compilers.llvm.clang.1_0;
				GCC_WARN_64_TO_32_BIT_CONVERSION = YES;
				GCC_WARN_ABOUT_RETURN_TYPE = YES;
				GCC_WARN_UNUSED_VARIABLE = YES;
				MACOSX_DEPLOYMENT_TARGET = 10.6;
				ONLY_ACTIVE_ARCH = YES;
				SDKROOT = macosx;
			};
			name = Debug;
		};
		32FFEAE8141D25FF00CA0312 /* Release */ = {
			isa = XCBuildConfiguration;
			buildSettings = {
				ARCHS = "$(ARCHS_STANDARD_32_64_BIT)";
				GCC_C_LANGUAGE_STANDARD = gnu99;
				GCC_VERSION = com.apple.compilers.llvm.clang.1_0;
				GCC_WARN_64_TO_32_BIT_CONVERSION = YES;
				GCC_WARN_ABOUT_RETURN_TYPE = YES;
				GCC_WARN_UNUSED_VARIABLE = YES;
				MACOSX_DEPLOYMENT_TARGET = 10.6;
				SDKROOT = macosx;
			};
			name = Release;
		};
		32FFEAEA141D25FF00CA0312 /* Debug */ = {
			isa = XCBuildConfiguration;
			buildSettings = {
				ALWAYS_SEARCH_USER_PATHS = NO;
				COPY_PHASE_STRIP = NO;
				GCC_DYNAMIC_NO_PIC = NO;
				GCC_ENABLE_OBJC_EXCEPTIONS = YES;
				PRODUCT_NAME = "$(TARGET_NAME)";
			};
			name = Debug;
		};
		32FFEAEB141D25FF00CA0312 /* Release */ = {
			isa = XCBuildConfiguration;
			buildSettings = {
				ALWAYS_SEARCH_USER_PATHS = NO;
				COPY_PHASE_STRIP = YES;
				DEBUG_INFORMATION_FORMAT = "dwarf-with-dsym";
				GCC_ENABLE_OBJC_EXCEPTIONS = YES;
				PRODUCT_NAME = "$(TARGET_NAME)";
			};
			name = Release;
		};
/* End XCBuildConfiguration section */

/* Begin XCConfigurationList section */
		32FFEADA141D25FF00CA0312 /* Build configuration list for PBXProject "challenge4" */ = {
			isa = XCConfigurationList;
			buildConfigurations = (
				32FFEAE7141D25FF00CA0312 /* Debug */,
				32FFEAE8141D25FF00CA0312 /* Release */,
			);
			defaultConfigurationIsVisible = 0;
			defaultConfigurationName = Release;
		};
		32FFEAE9141D25FF00CA0312 /* Build configuration list for PBXNativeTarget "challenge4" */ = {
			isa = XCConfigurationList;
			buildConfigurations = (
				32FFEAEA141D25FF00CA0312 /* Debug */,
				32FFEAEB141D25FF00CA0312 /* Release */,
			);
			defaultConfigurationIsVisible = 0;
			defaultConfigurationName = Release;
		};
/* End XCConfigurationList section */
	};
	rootObject = 32FFEAD7141D25FF00CA0312 /* Project object */;
}
